
Microsoft Visual Studio Solution File, Format Version 12.00
# Visual Studio Version 17
VisualStudioVersion = 17.4.33213.308
MinimumVisualStudioVersion = 10.0.40219.1
Project("{9A19103F-16F7-4668-BE54-9A1E7A4F7556}") = "Stephs_Shop", "Stephs Shop\Stephs_Shop.csproj", "{100C413C-9DC5-4EDC-8640-CFDD594538A9}"
EndProject
Project("{E53339B2-1760-4266-BCC7-CA923CBCF16C}") = "docker-compose", "docker-compose.dcproj", "{CA1C7BB8-80AC-4935-BE0E-FD8A306E9FD7}"
EndProject
Global
	GlobalSection(SolutionConfigurationPlatforms) = preSolution
		Debug|Any CPU = Debug|Any CPU
		Release|Any CPU = Release|Any CPU
	EndGlobalSection
	GlobalSection(ProjectConfigurationPlatforms) = postSolution
		{100C413C-9DC5-4EDC-8640-CFDD594538A9}.Debug|Any CPU.ActiveCfg = Debug|Any CPU
		{100C413C-9DC5-4EDC-8640-CFDD594538A9}.Debug|Any CPU.Build.0 = Debug|Any CPU
		{100C413C-9DC5-4EDC-8640-CFDD594538A9}.Release|Any CPU.ActiveCfg = Release|Any CPU
		{100C413C-9DC5-4EDC-8640-CFDD594538A9}.Release|Any CPU.Build.0 = Release|Any CPU
		{CA1C7BB8-80AC-4935-BE0E-FD8A306E9FD7}.Debug|Any CPU.ActiveCfg = Debug|Any CPU
		{CA1C7BB8-80AC-4935-BE0E-FD8A306E9FD7}.Debug|Any CPU.Build.0 = Debug|Any CPU
		{CA1C7BB8-80AC-4935-BE0E-FD8A306E9FD7}.Release|Any CPU.ActiveCfg = Release|Any CPU
		{CA1C7BB8-80AC-4935-BE0E-FD8A306E9FD7}.Release|Any CPU.Build.0 = Release|Any CPU
	EndGlobalSection
	GlobalSection(SolutionProperties) = preSolution
		HideSolutionNode = FALSE
	EndGlobalSection
	GlobalSection(ExtensibilityGlobals) = postSolution
		SolutionGuid = {4E0B7E2C-AB03-45ED-AFA3-C8BF45EE0A3B}
	EndGlobalSection
EndGlobal
